{
  "name": "wovenflow-bench",
  "version": "0.0.0",
  "lockfileVersion": 3,
  "requires": true,
  "packages": {
    "": {
      "name": "wovenflow-bench",
      "version": "0.0.0",
      "dependencies": {
        "undici": "^8.2.0"
      },
      "engines": {
        "node": ">=22"
      }
    },
    "node_modules/undici": {
      "version": "8.2.0",
      "resolved": "https://registry.npmjs.org/undici/-/undici-8.2.0.tgz",
      "integrity": "sha512-Z+4Hx9GE26Lh9Upwfnc8C7SsrpBPGaM/Gm6kMFtiG7c+5IvQKlXi/t+9x9DrrCh29cww5TSP9YdVaBcnLDs5fQ==",
      "license": "MIT",
      "engines": {
        "node": ">=22.19.0"
      }
    }
  }
}
